
Microsoft Visual Studio Solution File, Format Version 12.00
# Visual Studio Version 17
VisualStudioVersion = 17.11.35312.102
MinimumVisualStudioVersion = 10.0.40219.1
Project("{FAE04EC0-301F-11D3-BF4B-00C04F79EFBC}") = "BizLinkk", "BizLinkk\BizLinkk.csproj", "{F6B84763-12E0-4F14-96D5-EAAEF0A13CBE}"
EndProject
Global
	GlobalSection(SolutionConfigurationPlatforms) = preSolution
		Debug|Any CPU = Debug|Any CPU
		Release|Any CPU = Release|Any CPU
	EndGlobalSection
	GlobalSection(ProjectConfigurationPlatforms) = postSolution
		{F6B84763-12E0-4F14-96D5-EAAEF0A13CBE}.Debug|Any CPU.ActiveCfg = Debug|Any CPU
		{F6B84763-12E0-4F14-96D5-EAAEF0A13CBE}.Debug|Any CPU.Build.0 = Debug|Any CPU
		{F6B84763-12E0-4F14-96D5-EAAEF0A13CBE}.Release|Any CPU.ActiveCfg = Release|Any CPU
		{F6B84763-12E0-4F14-96D5-EAAEF0A13CBE}.Release|Any CPU.Build.0 = Release|Any CPU
	EndGlobalSection
	GlobalSection(SolutionProperties) = preSolution
		HideSolutionNode = FALSE
	EndGlobalSection
	GlobalSection(ExtensibilityGlobals) = postSolution
		SolutionGuid = {1C682E8E-2F4B-469B-8789-C789309AB667}
	EndGlobalSection
EndGlobal
